
Microsoft Visual Studio Solution File, Format Version 12.00
Project("{2150E333-8FDC-42A3-9474-1A3956D46DE8}") = "0. Framework", "0. Framework", "{A1F24C12-EEF3-411D-9348-3659C825BD60}"
EndProject
Project("{2150E333-8FDC-42A3-9474-1A3956D46DE8}") = "1. Core", "1. Core", "{7B559CBB-C22A-4CB3-98AF-23EFE956A91A}"
EndProject
Project("{2150E333-8FDC-42A3-9474-1A3956D46DE8}") = "2. Infrastructure", "2. Infrastructure", "{2AEF4160-870A-4A8E-B710-AD16BE19E54F}"
EndProject
Project("{2150E333-8FDC-42A3-9474-1A3956D46DE8}") = "3. Endpoints", "3. Endpoints", "{B2B5B252-E2A8-443B-A296-7290A22A920E}"
EndProject
Project("{FAE04EC0-301F-11D3-BF4B-00C04F79EFBC}") = "Framework", "Framework\Framework.csproj", "{46C0B821-AF88-41A6-9A4F-B5A40DE5CFCA}"
EndProject
Project("{FAE04EC0-301F-11D3-BF4B-00C04F79EFBC}") = "Domain", "Domain\Domain.csproj", "{D8173DE3-2A76-4BF8-B321-A3C90A3E57C3}"
EndProject
Project("{FAE04EC0-301F-11D3-BF4B-00C04F79EFBC}") = "ApplicationService", "ApplicationService\ApplicationService.csproj", "{E2C0F69B-1AE2-41FB-9EAE-A71FA9B0CA04}"
EndProject
Project("{FAE04EC0-301F-11D3-BF4B-00C04F79EFBC}") = "Infrastructure", "Infrastructure\Infrastructure.csproj", "{886F2C3C-2B5D-4BD9-A718-9A118687F76A}"
EndProject
Project("{FAE04EC0-301F-11D3-BF4B-00C04F79EFBC}") = "HPC-Endpoints", "HPC-Endpoints\HPC-Endpoints.csproj", "{17A9D4A0-9664-437D-918E-CAFDDB65C127}"
EndProject
Global
	GlobalSection(SolutionConfigurationPlatforms) = preSolution
		Debug|Any CPU = Debug|Any CPU
		Release|Any CPU = Release|Any CPU
	EndGlobalSection
	GlobalSection(NestedProjects) = preSolution
		{46C0B821-AF88-41A6-9A4F-B5A40DE5CFCA} = {A1F24C12-EEF3-411D-9348-3659C825BD60}
		{D8173DE3-2A76-4BF8-B321-A3C90A3E57C3} = {7B559CBB-C22A-4CB3-98AF-23EFE956A91A}
		{E2C0F69B-1AE2-41FB-9EAE-A71FA9B0CA04} = {7B559CBB-C22A-4CB3-98AF-23EFE956A91A}
		{886F2C3C-2B5D-4BD9-A718-9A118687F76A} = {2AEF4160-870A-4A8E-B710-AD16BE19E54F}
		{17A9D4A0-9664-437D-918E-CAFDDB65C127} = {B2B5B252-E2A8-443B-A296-7290A22A920E}
	EndGlobalSection
	GlobalSection(ProjectConfigurationPlatforms) = postSolution
		{46C0B821-AF88-41A6-9A4F-B5A40DE5CFCA}.Debug|Any CPU.ActiveCfg = Debug|Any CPU
		{46C0B821-AF88-41A6-9A4F-B5A40DE5CFCA}.Debug|Any CPU.Build.0 = Debug|Any CPU
		{46C0B821-AF88-41A6-9A4F-B5A40DE5CFCA}.Release|Any CPU.ActiveCfg = Release|Any CPU
		{46C0B821-AF88-41A6-9A4F-B5A40DE5CFCA}.Release|Any CPU.Build.0 = Release|Any CPU
		{D8173DE3-2A76-4BF8-B321-A3C90A3E57C3}.Debug|Any CPU.ActiveCfg = Debug|Any CPU
		{D8173DE3-2A76-4BF8-B321-A3C90A3E57C3}.Debug|Any CPU.Build.0 = Debug|Any CPU
		{D8173DE3-2A76-4BF8-B321-A3C90A3E57C3}.Release|Any CPU.ActiveCfg = Release|Any CPU
		{D8173DE3-2A76-4BF8-B321-A3C90A3E57C3}.Release|Any CPU.Build.0 = Release|Any CPU
		{E2C0F69B-1AE2-41FB-9EAE-A71FA9B0CA04}.Debug|Any CPU.ActiveCfg = Debug|Any CPU
		{E2C0F69B-1AE2-41FB-9EAE-A71FA9B0CA04}.Debug|Any CPU.Build.0 = Debug|Any CPU
		{E2C0F69B-1AE2-41FB-9EAE-A71FA9B0CA04}.Release|Any CPU.ActiveCfg = Release|Any CPU
		{E2C0F69B-1AE2-41FB-9EAE-A71FA9B0CA04}.Release|Any CPU.Build.0 = Release|Any CPU
		{886F2C3C-2B5D-4BD9-A718-9A118687F76A}.Debug|Any CPU.ActiveCfg = Debug|Any CPU
		{886F2C3C-2B5D-4BD9-A718-9A118687F76A}.Debug|Any CPU.Build.0 = Debug|Any CPU
		{886F2C3C-2B5D-4BD9-A718-9A118687F76A}.Release|Any CPU.ActiveCfg = Release|Any CPU
		{886F2C3C-2B5D-4BD9-A718-9A118687F76A}.Release|Any CPU.Build.0 = Release|Any CPU
		{17A9D4A0-9664-437D-918E-CAFDDB65C127}.Debug|Any CPU.ActiveCfg = Debug|Any CPU
		{17A9D4A0-9664-437D-918E-CAFDDB65C127}.Debug|Any CPU.Build.0 = Debug|Any CPU
		{17A9D4A0-9664-437D-918E-CAFDDB65C127}.Release|Any CPU.ActiveCfg = Release|Any CPU
		{17A9D4A0-9664-437D-918E-CAFDDB65C127}.Release|Any CPU.Build.0 = Release|Any CPU
	EndGlobalSection
EndGlobal
